// !$*UTF8*$!
{
	archiveVersion = 1;
	classes = {
	};
	objectVersion = 50;
	objects = {

/* Begin PBXBuildFile section */
		A9404D9122F67F2E00041C4F /* expensesTests.swift in Sources */ = {isa = PBXBuildFile; fileRef = A9404D9022F67F2E00041C4F /* expensesTests.swift */; };
		A9404D9922F67FB700041C4F /* Helper.swift in Sources */ = {isa = PBXBuildFile; fileRef = A9404D9822F67FB700041C4F /* Helper.swift */; };
		A962A62722EBD0D2009DD3CD /* Main.storyboard in Resources */ = {isa = PBXBuildFile; fileRef = A962A62522EBD0D2009DD3CD /* Main.storyboard */; };
		A993443D22F3EBE500AF178E /* TransactionsTableViewController.swift in Sources */ = {isa = PBXBuildFile; fileRef = A993443C22F3EBE500AF178E /* TransactionsTableViewController.swift */; };
		A993443F22F3EC1D00AF178E /* CategoriesTableViewController.swift in Sources */ = {isa = PBXBuildFile; fileRef = A993443E22F3EC1D00AF178E /* CategoriesTableViewController.swift */; };
		A993444122F3EC7500AF178E /* TransactionDetailTableViewController.swift in Sources */ = {isa = PBXBuildFile; fileRef = A993444022F3EC7500AF178E /* TransactionDetailTableViewController.swift */; };
		A993444322F3FBBC00AF178E /* TabBarViewController.swift in Sources */ = {isa = PBXBuildFile; fileRef = A993444222F3FBBC00AF178E /* TabBarViewController.swift */; };
		A993444522F3FC8700AF178E /* PersistentContainer.swift in Sources */ = {isa = PBXBuildFile; fileRef = A993444422F3FC8700AF178E /* PersistentContainer.swift */; };
		A993444722F53E8000AF178E /* CategoryDetailTableViewController.swift in Sources */ = {isa = PBXBuildFile; fileRef = A993444622F53E8000AF178E /* CategoryDetailTableViewController.swift */; };
		A99C9D0F22EE8057007898C5 /* UITextField.swift in Sources */ = {isa = PBXBuildFile; fileRef = A99C9D0E22EE8057007898C5 /* UITextField.swift */; };
		A9B668BA22E9287300DFF4D6 /* AppDelegate.swift in Sources */ = {isa = PBXBuildFile; fileRef = A9B668B922E9287300DFF4D6 /* AppDelegate.swift */; };
		A9B668BC22E9287300DFF4D6 /* SceneDelegate.swift in Sources */ = {isa = PBXBuildFile; fileRef = A9B668BB22E9287300DFF4D6 /* SceneDelegate.swift */; };
		A9B668C422E9287300DFF4D6 /* Benjamin.xcdatamodeld in Sources */ = {isa = PBXBuildFile; fileRef = A9B668C222E9287300DFF4D6 /* Benjamin.xcdatamodeld */; };
		A9B668C622E9287500DFF4D6 /* Assets.xcassets in Resources */ = {isa = PBXBuildFile; fileRef = A9B668C522E9287500DFF4D6 /* Assets.xcassets */; };
		A9B668C922E9287500DFF4D6 /* LaunchScreen.storyboard in Resources */ = {isa = PBXBuildFile; fileRef = A9B668C722E9287500DFF4D6 /* LaunchScreen.storyboard */; };
/* End PBXBuildFile section */

/* Begin PBXContainerItemProxy section */
		A9404D9322F67F2E00041C4F /* PBXContainerItemProxy */ = {
			isa = PBXContainerItemProxy;
			containerPortal = A9B668AE22E9287300DFF4D6 /* Project object */;
			proxyType = 1;
			remoteGlobalIDString = A9B668B522E9287300DFF4D6;
			remoteInfo = expenses;
		};
/* End PBXContainerItemProxy section */

/* Begin PBXFileReference section */
		A9404D8E22F67F2E00041C4F /* expensesTests.xctest */ = {isa = PBXFileReference; explicitFileType = wrapper.cfbundle; includeInIndex = 0; path = expensesTests.xctest; sourceTree = BUILT_PRODUCTS_DIR; };
		A9404D9022F67F2E00041C4F /* expensesTests.swift */ = {isa = PBXFileReference; lastKnownFileType = sourcecode.swift; path = expensesTests.swift; sourceTree = "<group>"; };
		A9404D9222F67F2E00041C4F /* Info.plist */ = {isa = PBXFileReference; lastKnownFileType = text.plist.xml; path = Info.plist; sourceTree = "<group>"; };
		A9404D9822F67FB700041C4F /* Helper.swift */ = {isa = PBXFileReference; lastKnownFileType = sourcecode.swift; path = Helper.swift; sourceTree = "<group>"; };
		A962A62622EBD0D2009DD3CD /* Base */ = {isa = PBXFileReference; lastKnownFileType = file.storyboard; name = Base; path = Base.lproj/Main.storyboard; sourceTree = "<group>"; };
		A993443C22F3EBE500AF178E /* TransactionsTableViewController.swift */ = {isa = PBXFileReference; lastKnownFileType = sourcecode.swift; path = TransactionsTableViewController.swift; sourceTree = "<group>"; };
		A993443E22F3EC1D00AF178E /* CategoriesTableViewController.swift */ = {isa = PBXFileReference; lastKnownFileType = sourcecode.swift; path = CategoriesTableViewController.swift; sourceTree = "<group>"; };
		A993444022F3EC7500AF178E /* TransactionDetailTableViewController.swift */ = {isa = PBXFileReference; lastKnownFileType = sourcecode.swift; path = TransactionDetailTableViewController.swift; sourceTree = "<group>"; };
		A993444222F3FBBC00AF178E /* TabBarViewController.swift */ = {isa = PBXFileReference; lastKnownFileType = sourcecode.swift; path = TabBarViewController.swift; sourceTree = "<group>"; };
		A993444422F3FC8700AF178E /* PersistentContainer.swift */ = {isa = PBXFileReference; lastKnownFileType = sourcecode.swift; path = PersistentContainer.swift; sourceTree = "<group>"; };
		A993444622F53E8000AF178E /* CategoryDetailTableViewController.swift */ = {isa = PBXFileReference; lastKnownFileType = sourcecode.swift; path = CategoryDetailTableViewController.swift; sourceTree = "<group>"; };
		A99C9D0E22EE8057007898C5 /* UITextField.swift */ = {isa = PBXFileReference; fileEncoding = 4; lastKnownFileType = sourcecode.swift; path = UITextField.swift; sourceTree = "<group>"; };
		A9B668B622E9287300DFF4D6 /* expenses.app */ = {isa = PBXFileReference; explicitFileType = wrapper.application; includeInIndex = 0; path = expenses.app; sourceTree = BUILT_PRODUCTS_DIR; };
		A9B668B922E9287300DFF4D6 /* AppDelegate.swift */ = {isa = PBXFileReference; lastKnownFileType = sourcecode.swift; path = AppDelegate.swift; sourceTree = "<group>"; };
		A9B668BB22E9287300DFF4D6 /* SceneDelegate.swift */ = {isa = PBXFileReference; lastKnownFileType = sourcecode.swift; path = SceneDelegate.swift; sourceTree = "<group>"; };
		A9B668C322E9287300DFF4D6 /* expenses.xcdatamodel */ = {isa = PBXFileReference; lastKnownFileType = wrapper.xcdatamodel; path = expenses.xcdatamodel; sourceTree = "<group>"; };
		A9B668C522E9287500DFF4D6 /* Assets.xcassets */ = {isa = PBXFileReference; lastKnownFileType = folder.assetcatalog; path = Assets.xcassets; sourceTree = "<group>"; };
		A9B668C822E9287500DFF4D6 /* Base */ = {isa = PBXFileReference; lastKnownFileType = file.storyboard; name = Base; path = Base.lproj/LaunchScreen.storyboard; sourceTree = "<group>"; };
		A9B668CA22E9287500DFF4D6 /* Info.plist */ = {isa = PBXFileReference; lastKnownFileType = text.plist.xml; path = Info.plist; sourceTree = "<group>"; };
/* End PBXFileReference section */

/* Begin PBXFrameworksBuildPhase section */
		A9404D8B22F67F2E00041C4F /* Frameworks */ = {
			isa = PBXFrameworksBuildPhase;
			buildActionMask = 2147483647;
			files = (
			);
			runOnlyForDeploymentPostprocessing = 0;
		};
		A9B668B322E9287300DFF4D6 /* Frameworks */ = {
			isa = PBXFrameworksBuildPhase;
			buildActionMask = 2147483647;
			files = (
			);
			runOnlyForDeploymentPostprocessing = 0;
		};
/* End PBXFrameworksBuildPhase section */

/* Begin PBXGroup section */
		A9404D8F22F67F2E00041C4F /* expensesTests */ = {
			isa = PBXGroup;
			children = (
				A9404D9022F67F2E00041C4F /* expensesTests.swift */,
				A9404D9222F67F2E00041C4F /* Info.plist */,
			);
			path = expensesTests;
			sourceTree = "<group>";
		};
		A95B623E22EAB1040089D47A /* ViewControllers */ = {
			isa = PBXGroup;
			children = (
				A993443C22F3EBE500AF178E /* TransactionsTableViewController.swift */,
				A993443E22F3EC1D00AF178E /* CategoriesTableViewController.swift */,
				A993444022F3EC7500AF178E /* TransactionDetailTableViewController.swift */,
				A993444222F3FBBC00AF178E /* TabBarViewController.swift */,
				A993444622F53E8000AF178E /* CategoryDetailTableViewController.swift */,
			);
			path = ViewControllers;
			sourceTree = "<group>";
		};
		A95B624022EAB1270089D47A /* Models */ = {
			isa = PBXGroup;
			children = (
			);
			path = Models;
			sourceTree = "<group>";
		};
		A962A62A22EBD499009DD3CD /* Extensions */ = {
			isa = PBXGroup;
			children = (
				A99C9D0E22EE8057007898C5 /* UITextField.swift */,
			);
			path = Extensions;
			sourceTree = "<group>";
		};
		A9B668AD22E9287300DFF4D6 = {
			isa = PBXGroup;
			children = (
				A9B668B822E9287300DFF4D6 /* Expenses */,
				A9404D8F22F67F2E00041C4F /* expensesTests */,
				A9B668B722E9287300DFF4D6 /* Products */,
			);
			sourceTree = "<group>";
		};
		A9B668B722E9287300DFF4D6 /* Products */ = {
			isa = PBXGroup;
			children = (
				A9B668B622E9287300DFF4D6 /* expenses.app */,
				A9404D8E22F67F2E00041C4F /* expensesTests.xctest */,
			);
			name = Products;
			sourceTree = "<group>";
		};
		A9B668B822E9287300DFF4D6 /* Expenses */ = {
			isa = PBXGroup;
			children = (
				A962A62A22EBD499009DD3CD /* Extensions */,
				A95B624022EAB1270089D47A /* Models */,
				A95B623E22EAB1040089D47A /* ViewControllers */,
				A9B668B922E9287300DFF4D6 /* AppDelegate.swift */,
				A9B668BB22E9287300DFF4D6 /* SceneDelegate.swift */,
				A9B668C522E9287500DFF4D6 /* Assets.xcassets */,
				A9B668C722E9287500DFF4D6 /* LaunchScreen.storyboard */,
				A962A62522EBD0D2009DD3CD /* Main.storyboard */,
				A9B668CA22E9287500DFF4D6 /* Info.plist */,
				A9B668C222E9287300DFF4D6 /* Benjamin.xcdatamodeld */,
				A993444422F3FC8700AF178E /* PersistentContainer.swift */,
				A9404D9822F67FB700041C4F /* Helper.swift */,
			);
			path = Expenses;
			sourceTree = "<group>";
		};
/* End PBXGroup section */

/* Begin PBXNativeTarget section */
		A9404D8D22F67F2E00041C4F /* expensesTests */ = {
			isa = PBXNativeTarget;
			buildConfigurationList = A9404D9722F67F2E00041C4F /* Build configuration list for PBXNativeTarget "expensesTests" */;
			buildPhases = (
				A9404D8A22F67F2E00041C4F /* Sources */,
				A9404D8B22F67F2E00041C4F /* Frameworks */,
				A9404D8C22F67F2E00041C4F /* Resources */,
			);
			buildRules = (
			);
			dependencies = (
				A9404D9422F67F2E00041C4F /* PBXTargetDependency */,
			);
			name = expensesTests;
			productName = expensesTests;
			productReference = A9404D8E22F67F2E00041C4F /* expensesTests.xctest */;
			productType = "com.apple.product-type.bundle.unit-test";
		};
		A9B668B522E9287300DFF4D6 /* expenses */ = {
			isa = PBXNativeTarget;
			buildConfigurationList = A9B668CD22E9287500DFF4D6 /* Build configuration list for PBXNativeTarget "expenses" */;
			buildPhases = (
				A9B668B222E9287300DFF4D6 /* Sources */,
				A9B668B322E9287300DFF4D6 /* Frameworks */,
				A9B668B422E9287300DFF4D6 /* Resources */,
			);
			buildRules = (
			);
			dependencies = (
			);
			name = expenses;
			productName = expenses;
			productReference = A9B668B622E9287300DFF4D6 /* expenses.app */;
			productType = "com.apple.product-type.application";
		};
/* End PBXNativeTarget section */

/* Begin PBXProject section */
		A9B668AE22E9287300DFF4D6 /* Project object */ = {
			isa = PBXProject;
			attributes = {
				LastSwiftUpdateCheck = 1100;
				LastUpgradeCheck = 1100;
				ORGANIZATIONNAME = "Antonio Santos";
				TargetAttributes = {
					A9404D8D22F67F2E00041C4F = {
						CreatedOnToolsVersion = 11.0;
						TestTargetID = A9B668B522E9287300DFF4D6;
					};
					A9B668B522E9287300DFF4D6 = {
						CreatedOnToolsVersion = 11.0;
					};
				};
			};
			buildConfigurationList = A9B668B122E9287300DFF4D6 /* Build configuration list for PBXProject "expenses" */;
			compatibilityVersion = "Xcode 9.3";
			developmentRegion = en;
			hasScannedForEncodings = 0;
			knownRegions = (
				en,
				Base,
			);
			mainGroup = A9B668AD22E9287300DFF4D6;
			productRefGroup = A9B668B722E9287300DFF4D6 /* Products */;
			projectDirPath = "";
			projectRoot = "";
			targets = (
				A9B668B522E9287300DFF4D6 /* expenses */,
				A9404D8D22F67F2E00041C4F /* expensesTests */,
			);
		};
/* End PBXProject section */

/* Begin PBXResourcesBuildPhase section */
		A9404D8C22F67F2E00041C4F /* Resources */ = {
			isa = PBXResourcesBuildPhase;
			buildActionMask = 2147483647;
			files = (
			);
			runOnlyForDeploymentPostprocessing = 0;
		};
		A9B668B422E9287300DFF4D6 /* Resources */ = {
			isa = PBXResourcesBuildPhase;
			buildActionMask = 2147483647;
			files = (
				A962A62722EBD0D2009DD3CD /* Main.storyboard in Resources */,
				A9B668C922E9287500DFF4D6 /* LaunchScreen.storyboard in Resources */,
				A9B668C622E9287500DFF4D6 /* Assets.xcassets in Resources */,
			);
			runOnlyForDeploymentPostprocessing = 0;
		};
/* End PBXResourcesBuildPhase section */

/* Begin PBXSourcesBuildPhase section */
		A9404D8A22F67F2E00041C4F /* Sources */ = {
			isa = PBXSourcesBuildPhase;
			buildActionMask = 2147483647;
			files = (
				A9404D9122F67F2E00041C4F /* expensesTests.swift in Sources */,
			);
			runOnlyForDeploymentPostprocessing = 0;
		};
		A9B668B222E9287300DFF4D6 /* Sources */ = {
			isa = PBXSourcesBuildPhase;
			buildActionMask = 2147483647;
			files = (
				A9404D9922F67FB700041C4F /* Helper.swift in Sources */,
				A993444322F3FBBC00AF178E /* TabBarViewController.swift in Sources */,
				A9B668C422E9287300DFF4D6 /* Benjamin.xcdatamodeld in Sources */,
				A99C9D0F22EE8057007898C5 /* UITextField.swift in Sources */,
				A993443D22F3EBE500AF178E /* TransactionsTableViewController.swift in Sources */,
				A993444722F53E8000AF178E /* CategoryDetailTableViewController.swift in Sources */,
				A9B668BA22E9287300DFF4D6 /* AppDelegate.swift in Sources */,
				A993444122F3EC7500AF178E /* TransactionDetailTableViewController.swift in Sources */,
				A9B668BC22E9287300DFF4D6 /* SceneDelegate.swift in Sources */,
				A993443F22F3EC1D00AF178E /* CategoriesTableViewController.swift in Sources */,
				A993444522F3FC8700AF178E /* PersistentContainer.swift in Sources */,
			);
			runOnlyForDeploymentPostprocessing = 0;
		};
/* End PBXSourcesBuildPhase section */

/* Begin PBXTargetDependency section */
		A9404D9422F67F2E00041C4F /* PBXTargetDependency */ = {
			isa = PBXTargetDependency;
			target = A9B668B522E9287300DFF4D6 /* expenses */;
			targetProxy = A9404D9322F67F2E00041C4F /* PBXContainerItemProxy */;
		};
/* End PBXTargetDependency section */

/* Begin PBXVariantGroup section */
		A962A62522EBD0D2009DD3CD /* Main.storyboard */ = {
			isa = PBXVariantGroup;
			children = (
				A962A62622EBD0D2009DD3CD /* Base */,
			);
			name = Main.storyboard;
			sourceTree = "<group>";
		};
		A9B668C722E9287500DFF4D6 /* LaunchScreen.storyboard */ = {
			isa = PBXVariantGroup;
			children = (
				A9B668C822E9287500DFF4D6 /* Base */,
			);
			name = LaunchScreen.storyboard;
			sourceTree = "<group>";
		};
/* End PBXVariantGroup section */

/* Begin XCBuildConfiguration section */
		A9404D9522F67F2E00041C4F /* Debug */ = {
			isa = XCBuildConfiguration;
			buildSettings = {
				BUNDLE_LOADER = "$(TEST_HOST)";
				CODE_SIGN_STYLE = Automatic;
				DEVELOPMENT_TEAM = DSYCL96HES;
				INFOPLIST_FILE = expensesTests/Info.plist;
				LD_RUNPATH_SEARCH_PATHS = (
					"$(inherited)",
					"@executable_path/Frameworks",
					"@loader_path/Frameworks",
				);
				PRODUCT_BUNDLE_IDENTIFIER = io.antoniosantos.expensesTests;
				PRODUCT_NAME = "$(TARGET_NAME)";
				SWIFT_VERSION = 5.0;
				TARGETED_DEVICE_FAMILY = "1,2";
				TEST_HOST = "$(BUILT_PRODUCTS_DIR)/expenses.app/expenses";
			};
			name = Debug;
		};
		A9404D9622F67F2E00041C4F /* Release */ = {
			isa = XCBuildConfiguration;
			buildSettings = {
				BUNDLE_LOADER = "$(TEST_HOST)";
				CODE_SIGN_STYLE = Automatic;
				DEVELOPMENT_TEAM = DSYCL96HES;
				INFOPLIST_FILE = expensesTests/Info.plist;
				LD_RUNPATH_SEARCH_PATHS = (
					"$(inherited)",
					"@executable_path/Frameworks",
					"@loader_path/Frameworks",
				);
				PRODUCT_BUNDLE_IDENTIFIER = io.antoniosantos.expensesTests;
				PRODUCT_NAME = "$(TARGET_NAME)";
				SWIFT_VERSION = 5.0;
				TARGETED_DEVICE_FAMILY = "1,2";
				TEST_HOST = "$(BUILT_PRODUCTS_DIR)/expenses.app/expenses";
			};
			name = Release;
		};
		A9B668CB22E9287500DFF4D6 /* Debug */ = {
			isa = XCBuildConfiguration;
			buildSettings = {
				ALWAYS_SEARCH_USER_PATHS = NO;
				CLANG_ANALYZER_NONNULL = YES;
				CLANG_ANALYZER_NUMBER_OBJECT_CONVERSION = YES_AGGRESSIVE;
				CLANG_CXX_LANGUAGE_STANDARD = "gnu++14";
				CLANG_CXX_LIBRARY = "libc++";
				CLANG_ENABLE_MODULES = YES;
				CLANG_ENABLE_OBJC_ARC = YES;
				CLANG_ENABLE_OBJC_WEAK = YES;
				CLANG_WARN_BLOCK_CAPTURE_AUTORELEASING = YES;
				CLANG_WARN_BOOL_CONVERSION = YES;
				CLANG_WARN_COMMA = YES;
				CLANG_WARN_CONSTANT_CONVERSION = YES;
				CLANG_WARN_DEPRECATED_OBJC_IMPLEMENTATIONS = YES;
				CLANG_WARN_DIRECT_OBJC_ISA_USAGE = YES_ERROR;
				CLANG_WARN_DOCUMENTATION_COMMENTS = YES;
				CLANG_WARN_EMPTY_BODY = YES;
				CLANG_WARN_ENUM_CONVERSION = YES;
				CLANG_WARN_INFINITE_RECURSION = YES;
				CLANG_WARN_INT_CONVERSION = YES;
				CLANG_WARN_NON_LITERAL_NULL_CONVERSION = YES;
				CLANG_WARN_OBJC_IMPLICIT_RETAIN_SELF = YES;
				CLANG_WARN_OBJC_LITERAL_CONVERSION = YES;
				CLANG_WARN_OBJC_ROOT_CLASS = YES_ERROR;
				CLANG_WARN_RANGE_LOOP_ANALYSIS = YES;
				CLANG_WARN_STRICT_PROTOTYPES = YES;
				CLANG_WARN_SUSPICIOUS_MOVE = YES;
				CLANG_WARN_UNGUARDED_AVAILABILITY = YES_AGGRESSIVE;
				CLANG_WARN_UNREACHABLE_CODE = YES;
				CLANG_WARN__DUPLICATE_METHOD_MATCH = YES;
				COPY_PHASE_STRIP = NO;
				DEBUG_INFORMATION_FORMAT = dwarf;
				ENABLE_STRICT_OBJC_MSGSEND = YES;
				ENABLE_TESTABILITY = YES;
				GCC_C_LANGUAGE_STANDARD = gnu11;
				GCC_DYNAMIC_NO_PIC = NO;
				GCC_NO_COMMON_BLOCKS = YES;
				GCC_OPTIMIZATION_LEVEL = 0;
				GCC_PREPROCESSOR_DEFINITIONS = (
					"DEBUG=1",
					"$(inherited)",
				);
				GCC_WARN_64_TO_32_BIT_CONVERSION = YES;
				GCC_WARN_ABOUT_RETURN_TYPE = YES_ERROR;
				GCC_WARN_UNDECLARED_SELECTOR = YES;
				GCC_WARN_UNINITIALIZED_AUTOS = YES_AGGRESSIVE;
				GCC_WARN_UNUSED_FUNCTION = YES;
				GCC_WARN_UNUSED_VARIABLE = YES;
				IPHONEOS_DEPLOYMENT_TARGET = 13.0;
				MTL_ENABLE_DEBUG_INFO = INCLUDE_SOURCE;
				MTL_FAST_MATH = YES;
				ONLY_ACTIVE_ARCH = YES;
				SDKROOT = iphoneos;
				SWIFT_ACTIVE_COMPILATION_CONDITIONS = DEBUG;
				SWIFT_OPTIMIZATION_LEVEL = "-Onone";
			};
			name = Debug;
		};
		A9B668CC22E9287500DFF4D6 /* Release */ = {
			isa = XCBuildConfiguration;
			buildSettings = {
				ALWAYS_SEARCH_USER_PATHS = NO;
				CLANG_ANALYZER_NONNULL = YES;
				CLANG_ANALYZER_NUMBER_OBJECT_CONVERSION = YES_AGGRESSIVE;
				CLANG_CXX_LANGUAGE_STANDARD = "gnu++14";
				CLANG_CXX_LIBRARY = "libc++";
				CLANG_ENABLE_MODULES = YES;
				CLANG_ENABLE_OBJC_ARC = YES;
				CLANG_ENABLE_OBJC_WEAK = YES;
				CLANG_WARN_BLOCK_CAPTURE_AUTORELEASING = YES;
				CLANG_WARN_BOOL_CONVERSION = YES;
				CLANG_WARN_COMMA = YES;
				CLANG_WARN_CONSTANT_CONVERSION = YES;
				CLANG_WARN_DEPRECATED_OBJC_IMPLEMENTATIONS = YES;
				CLANG_WARN_DIRECT_OBJC_ISA_USAGE = YES_ERROR;
				CLANG_WARN_DOCUMENTATION_COMMENTS = YES;
				CLANG_WARN_EMPTY_BODY = YES;
				CLANG_WARN_ENUM_CONVERSION = YES;
				CLANG_WARN_INFINITE_RECURSION = YES;
				CLANG_WARN_INT_CONVERSION = YES;
				CLANG_WARN_NON_LITERAL_NULL_CONVERSION = YES;
				CLANG_WARN_OBJC_IMPLICIT_RETAIN_SELF = YES;
				CLANG_WARN_OBJC_LITERAL_CONVERSION = YES;
				CLANG_WARN_OBJC_ROOT_CLASS = YES_ERROR;
				CLANG_WARN_RANGE_LOOP_ANALYSIS = YES;
				CLANG_WARN_STRICT_PROTOTYPES = YES;
				CLANG_WARN_SUSPICIOUS_MOVE = YES;
				CLANG_WARN_UNGUARDED_AVAILABILITY = YES_AGGRESSIVE;
				CLANG_WARN_UNREACHABLE_CODE = YES;
				CLANG_WARN__DUPLICATE_METHOD_MATCH = YES;
				COPY_PHASE_STRIP = NO;
				DEBUG_INFORMATION_FORMAT = "dwarf-with-dsym";
				ENABLE_NS_ASSERTIONS = NO;
				ENABLE_STRICT_OBJC_MSGSEND = YES;
				GCC_C_LANGUAGE_STANDARD = gnu11;
				GCC_NO_COMMON_BLOCKS = YES;
				GCC_WARN_64_TO_32_BIT_CONVERSION = YES;
				GCC_WARN_ABOUT_RETURN_TYPE = YES_ERROR;
				GCC_WARN_UNDECLARED_SELECTOR = YES;
				GCC_WARN_UNINITIALIZED_AUTOS = YES_AGGRESSIVE;
				GCC_WARN_UNUSED_FUNCTION = YES;
				GCC_WARN_UNUSED_VARIABLE = YES;
				IPHONEOS_DEPLOYMENT_TARGET = 13.0;
				MTL_ENABLE_DEBUG_INFO = NO;
				MTL_FAST_MATH = YES;
				SDKROOT = iphoneos;
				SWIFT_COMPILATION_MODE = wholemodule;
				SWIFT_OPTIMIZATION_LEVEL = "-O";
				VALIDATE_PRODUCT = YES;
			};
			name = Release;
		};
		A9B668CE22E9287500DFF4D6 /* Debug */ = {
			isa = XCBuildConfiguration;
			buildSettings = {
				ASSETCATALOG_COMPILER_APPICON_NAME = AppIcon;
				CODE_SIGN_STYLE = Automatic;
				DEVELOPMENT_TEAM = DSYCL96HES;
				INFOPLIST_FILE = expenses/Info.plist;
				LD_RUNPATH_SEARCH_PATHS = (
					"$(inherited)",
					"@executable_path/Frameworks",
				);
				PRODUCT_BUNDLE_IDENTIFIER = io.antoniosantos.Benjamin;
				PRODUCT_NAME = "$(TARGET_NAME)";
				SWIFT_VERSION = 5.0;
				TARGETED_DEVICE_FAMILY = 1;
			};
			name = Debug;
		};
		A9B668CF22E9287500DFF4D6 /* Release */ = {
			isa = XCBuildConfiguration;
			buildSettings = {
				ASSETCATALOG_COMPILER_APPICON_NAME = AppIcon;
				CODE_SIGN_STYLE = Automatic;
				DEVELOPMENT_TEAM = DSYCL96HES;
				INFOPLIST_FILE = expenses/Info.plist;
				LD_RUNPATH_SEARCH_PATHS = (
					"$(inherited)",
					"@executable_path/Frameworks",
				);
				PRODUCT_BUNDLE_IDENTIFIER = io.antoniosantos.Benjamin;
				PRODUCT_NAME = "$(TARGET_NAME)";
				SWIFT_VERSION = 5.0;
				TARGETED_DEVICE_FAMILY = 1;
			};
			name = Release;
		};
/* End XCBuildConfiguration section */

/* Begin XCConfigurationList section */
		A9404D9722F67F2E00041C4F /* Build configuration list for PBXNativeTarget "expensesTests" */ = {
			isa = XCConfigurationList;
			buildConfigurations = (
				A9404D9522F67F2E00041C4F /* Debug */,
				A9404D9622F67F2E00041C4F /* Release */,
			);
			defaultConfigurationIsVisible = 0;
			defaultConfigurationName = Release;
		};
		A9B668B122E9287300DFF4D6 /* Build configuration list for PBXProject "expenses" */ = {
			isa = XCConfigurationList;
			buildConfigurations = (
				A9B668CB22E9287500DFF4D6 /* Debug */,
				A9B668CC22E9287500DFF4D6 /* Release */,
			);
			defaultConfigurationIsVisible = 0;
			defaultConfigurationName = Release;
		};
		A9B668CD22E9287500DFF4D6 /* Build configuration list for PBXNativeTarget "expenses" */ = {
			isa = XCConfigurationList;
			buildConfigurations = (
				A9B668CE22E9287500DFF4D6 /* Debug */,
				A9B668CF22E9287500DFF4D6 /* Release */,
			);
			defaultConfigurationIsVisible = 0;
			defaultConfigurationName = Release;
		};
/* End XCConfigurationList section */

/* Begin XCVersionGroup section */
		A9B668C222E9287300DFF4D6 /* Benjamin.xcdatamodeld */ = {
			isa = XCVersionGroup;
			children = (
				A9B668C322E9287300DFF4D6 /* expenses.xcdatamodel */,
			);
			currentVersion = A9B668C322E9287300DFF4D6 /* expenses.xcdatamodel */;
			path = Benjamin.xcdatamodeld;
			sourceTree = "<group>";
			versionGroupType = wrapper.xcdatamodel;
		};
/* End XCVersionGroup section */
	};
	rootObject = A9B668AE22E9287300DFF4D6 /* Project object */;
}
